{
  "name": "same-domain-subresource-integrity",
  "version": "1.0.0",
  "lockfileVersion": 1,
  "requires": true,
  "dependencies": {
    "@panva/asn1.js": {
      "version": "1.0.0",
      "resolved": "https://registry.npmjs.org/@panva/asn1.js/-/asn1.js-1.0.0.tgz",
      "integrity": "sha512-UdkG3mLEqXgnlKsWanWcgb6dOjUzJ+XC5f+aWw30qrtjxeNUSfKX1cd5FBzOaXQumoe9nIqeZUvrRJS03HCCtw=="
    },
    "@small-tech/auto-encrypt": {
      "version": "2.0.5",
      "resolved": "https://registry.npmjs.org/@small-tech/auto-encrypt/-/auto-encrypt-2.0.5.tgz",
      "integrity": "sha512-Qfm3BckBsf7Rf1Qys60pwHOsLA0IEzYDig6xM69psXuWowwgnjFSlylKQvr9bal/DVlMBbo559jCpBFY40EZuQ==",
      "requires": {
        "bent": "github:aral/bent#errors-with-response-headers",
        "encodeurl": "^1.0.2",
        "fs-extra": "^8.1.0",
        "jose": "^1.24.0",
        "moment": "^2.24.0",
        "node-forge": "^0.10.0",
        "ocsp": "^1.2.0",
        "server-destroy": "^1.0.1"
      },
      "dependencies": {
        "fs-extra": {
          "version": "8.1.0",
          "resolved": "https://registry.npmjs.org/fs-extra/-/fs-extra-8.1.0.tgz",
          "integrity": "sha512-yhlQgA6mnOJUKOsRUFsgJdQCvkKhcz8tlZG5HBQfReYZy46OwLcY+Zia0mtdHsOo9y/hP+CxMN0TU9QxoOtG4g==",
          "requires": {
            "graceful-fs": "^4.2.0",
            "jsonfile": "^4.0.0",
            "universalify": "^0.1.0"
          }
        }
      }
    },
    "@small-tech/auto-encrypt-localhost": {
      "version": "6.1.0",
      "resolved": "https://registry.npmjs.org/@small-tech/auto-encrypt-localhost/-/auto-encrypt-localhost-6.1.0.tgz",
      "integrity": "sha512-vkimeIR1KIeGLa9f6yKfW6JNbupUkIR6dqMSJT1vemnX40KyvjOww+9L0oTRYUe1EnYz16vpj1Nd3+f+Cy6TjQ==",
      "requires": {
        "encodeurl": "^1.0.2",
        "fs-extra": "^8.1.0",
        "server-destroy": "^1.0.1",
        "syswide-cas": "^5.3.0"
      },
      "dependencies": {
        "fs-extra": {
          "version": "8.1.0",
          "resolved": "https://registry.npmjs.org/fs-extra/-/fs-extra-8.1.0.tgz",
          "integrity": "sha512-yhlQgA6mnOJUKOsRUFsgJdQCvkKhcz8tlZG5HBQfReYZy46OwLcY+Zia0mtdHsOo9y/hP+CxMN0TU9QxoOtG4g==",
          "requires": {
            "graceful-fs": "^4.2.0",
            "jsonfile": "^4.0.0",
            "universalify": "^0.1.0"
          }
        }
      }
    },
    "@small-tech/https": {
      "version": "2.1.0",
      "resolved": "https://registry.npmjs.org/@small-tech/https/-/https-2.1.0.tgz",
      "integrity": "sha512-cHv79cOk4hXfGga3O2/ehg3SEgR+2fjgwk4JgGUcI9HTKHPPi0t2GssfO4SUmIW9q84F7tMYlPWj+5XN8vztFg==",
      "requires": {
        "@small-tech/auto-encrypt": "^2.0.5",
        "@small-tech/auto-encrypt-localhost": "^6.1.0",
        "fs-extra": "^9.0.1"
      }
    },
    "asn1.js": {
      "version": "4.10.1",
      "resolved": "https://registry.npmjs.org/asn1.js/-/asn1.js-4.10.1.tgz",
      "integrity": "sha512-p32cOF5q0Zqs9uBiONKYLm6BClCoBCM5O9JfeUSlnQLBTxYdTK+pW+nXflm8UkKd2UYlEbYz5qEi0JuZR9ckSw==",
      "requires": {
        "bn.js": "^4.0.0",
        "inherits": "^2.0.1",
        "minimalistic-assert": "^1.0.0"
      }
    },
    "asn1.js-rfc2560": {
      "version": "4.0.6",
      "resolved": "https://registry.npmjs.org/asn1.js-rfc2560/-/asn1.js-rfc2560-4.0.6.tgz",
      "integrity": "sha512-ysf48ni+f/efNPilq4+ApbifUPcSW/xbDeQAh055I+grr2gXgNRQqHew7kkO70WSMQ2tEOURVwsK+dJqUNjIIg==",
      "requires": {
        "asn1.js-rfc5280": "^2.0.0"
      }
    },
    "asn1.js-rfc5280": {
      "version": "2.0.1",
      "resolved": "https://registry.npmjs.org/asn1.js-rfc5280/-/asn1.js-rfc5280-2.0.1.tgz",
      "integrity": "sha512-1e2ypnvTbYD/GdxWK77tdLBahvo1fZUHlQJqAVUuZWdYj0rdjGcf2CWYUtbsyRYpYUMwMWLZFUtLxog8ZXTrcg==",
      "requires": {
        "asn1.js": "^4.5.0"
      }
    },
    "async": {
      "version": "1.5.2",
      "resolved": "https://registry.npmjs.org/async/-/async-1.5.2.tgz",
      "integrity": "sha1-7GphrlZIDAw8skHJVhjiCJL5Zyo="
    },
    "at-least-node": {
      "version": "1.0.0",
      "resolved": "https://registry.npmjs.org/at-least-node/-/at-least-node-1.0.0.tgz",
      "integrity": "sha512-+q/t7Ekv1EDY2l6Gda6LLiX14rU9TV20Wa3ofeQmwPFZbOMo9DXrLbOjFaaclkXKWidIaopwAObQDqwWtGUjqg=="
    },
    "bent": {
      "version": "github:aral/bent#16a959683c6916204c28a1c870cb7b399c9215a9",
      "from": "github:aral/bent#errors-with-response-headers",
      "requires": {
        "bytesish": "^0.4.1",
        "caseless": "~0.12.0",
        "is-stream": "^2.0.0"
      }
    },
    "bn.js": {
      "version": "4.11.9",
      "resolved": "https://registry.npmjs.org/bn.js/-/bn.js-4.11.9.tgz",
      "integrity": "sha512-E6QoYqCKZfgatHTdHzs1RRKP7ip4vvm+EyRUeE2RF0NblwVvb0p6jSVeNTOFxPn26QXN2o6SMfNxKp6kU8zQaw=="
    },
    "bytesish": {
      "version": "0.4.4",
      "resolved": "https://registry.npmjs.org/bytesish/-/bytesish-0.4.4.tgz",
      "integrity": "sha512-i4uu6M4zuMUiyfZN4RU2+i9+peJh//pXhd9x1oSe1LBkZ3LEbCoygu8W0bXTukU1Jme2txKuotpCZRaC3FLxcQ=="
    },
    "caseless": {
      "version": "0.12.0",
      "resolved": "https://registry.npmjs.org/caseless/-/caseless-0.12.0.tgz",
      "integrity": "sha1-G2gcIf+EAzyCZUMJBolCDRhxUdw="
    },
    "encodeurl": {
      "version": "1.0.2",
      "resolved": "https://registry.npmjs.org/encodeurl/-/encodeurl-1.0.2.tgz",
      "integrity": "sha1-rT/0yG7C0CkyL1oCw6mmBslbP1k="
    },
    "fs-extra": {
      "version": "9.0.1",
      "resolved": "https://registry.npmjs.org/fs-extra/-/fs-extra-9.0.1.tgz",
      "integrity": "sha512-h2iAoN838FqAFJY2/qVpzFXy+EBxfVE220PalAqQLDVsFOHLJrZvut5puAbCdNv6WJk+B8ihI+k0c7JK5erwqQ==",
      "requires": {
        "at-least-node": "^1.0.0",
        "graceful-fs": "^4.2.0",
        "jsonfile": "^6.0.1",
        "universalify": "^1.0.0"
      },
      "dependencies": {
        "jsonfile": {
          "version": "6.1.0",
          "resolved": "https://registry.npmjs.org/jsonfile/-/jsonfile-6.1.0.tgz",
          "integrity": "sha512-5dgndWOriYSm5cnYaJNhalLNDKOqFwyDB/rr1E9ZsGciGvKPs8R2xYGCacuf3z6K1YKDz182fd+fY3cn3pMqXQ==",
          "requires": {
            "graceful-fs": "^4.1.6",
            "universalify": "^2.0.0"
          },
          "dependencies": {
            "universalify": {
              "version": "2.0.0",
              "resolved": "https://registry.npmjs.org/universalify/-/universalify-2.0.0.tgz",
              "integrity": "sha512-hAZsKq7Yy11Zu1DE0OzWjw7nnLZmJZYTDZZyEFHZdUhV8FkH5MCfoU1XMaxXovpyW5nq5scPqq0ZDP9Zyl04oQ=="
            }
          }
        },
        "universalify": {
          "version": "1.0.0",
          "resolved": "https://registry.npmjs.org/universalify/-/universalify-1.0.0.tgz",
          "integrity": "sha512-rb6X1W158d7pRQBg5gkR8uPaSfiids68LTJQYOtEUhoJUWBdaQHsuT/EUduxXYxcrt4r5PJ4fuHW1MHT6p0qug=="
        }
      }
    },
    "graceful-fs": {
      "version": "4.2.4",
      "resolved": "https://registry.npmjs.org/graceful-fs/-/graceful-fs-4.2.4.tgz",
      "integrity": "sha512-WjKPNJF79dtJAVniUlGGWHYGz2jWxT6VhN/4m1NdkbZ2nOsEF+cI1Edgql5zCRhs/VsQYRvrXctxktVXZUkixw=="
    },
    "inherits": {
      "version": "2.0.4",
      "resolved": "https://registry.npmjs.org/inherits/-/inherits-2.0.4.tgz",
      "integrity": "sha512-k/vGaX4/Yla3WzyMCvTQOXYeIHvqOKtnqBduzTHpzpQZzAskKMhZ2K+EnBiSM9zGSoIFeMpXKxa4dYeZIQqewQ=="
    },
    "is-stream": {
      "version": "2.0.0",
      "resolved": "https://registry.npmjs.org/is-stream/-/is-stream-2.0.0.tgz",
      "integrity": "sha512-XCoy+WlUr7d1+Z8GgSuXmpuUFC9fOhRXglJMx+dwLKTkL44Cjd4W1Z5P+BQZpr+cR93aGP4S/s7Ftw6Nd/kiEw=="
    },
    "jose": {
      "version": "1.28.0",
      "resolved": "https://registry.npmjs.org/jose/-/jose-1.28.0.tgz",
      "integrity": "sha512-JmfDRzt/HSj8ipd9TsDtEHoLUnLYavG+7e8F6s1mx2jfVSfXOTaFQsJUydbjJpTnTDHP1+yKL9Ke7ktS/a0Eiw==",
      "requires": {
        "@panva/asn1.js": "^1.0.0"
      }
    },
    "jsonfile": {
      "version": "4.0.0",
      "resolved": "https://registry.npmjs.org/jsonfile/-/jsonfile-4.0.0.tgz",
      "integrity": "sha1-h3Gq4HmbZAdrdmQPygWPnBDjPss=",
      "requires": {
        "graceful-fs": "^4.1.6"
      }
    },
    "minimalistic-assert": {
      "version": "1.0.1",
      "resolved": "https://registry.npmjs.org/minimalistic-assert/-/minimalistic-assert-1.0.1.tgz",
      "integrity": "sha512-UtJcAD4yEaGtjPezWuO9wC4nwUnVH/8/Im3yEHQP4b67cXlD/Qr9hdITCU1xDbSEXg2XKNaP8jsReV7vQd00/A=="
    },
    "moment": {
      "version": "2.29.1",
      "resolved": "https://registry.npmjs.org/moment/-/moment-2.29.1.tgz",
      "integrity": "sha512-kHmoybcPV8Sqy59DwNDY3Jefr64lK/by/da0ViFcuA4DH0vQg5Q6Ze5VimxkfQNSC+Mls/Kx53s7TjP1RhFEDQ=="
    },
    "node-forge": {
      "version": "0.10.0",
      "resolved": "https://registry.npmjs.org/node-forge/-/node-forge-0.10.0.tgz",
      "integrity": "sha512-PPmu8eEeG9saEUvI97fm4OYxXVB6bFvyNTyiUOBichBpFG8A1Ljw3bY62+5oOjDEMHRnd0Y7HQ+x7uzxOzC6JA=="
    },
    "ocsp": {
      "version": "1.2.0",
      "resolved": "https://registry.npmjs.org/ocsp/-/ocsp-1.2.0.tgz",
      "integrity": "sha1-RpoXdrRX3uZ+sCAUCMGUa6xAdsw=",
      "requires": {
        "asn1.js": "^4.8.0",
        "asn1.js-rfc2560": "^4.0.0",
        "asn1.js-rfc5280": "^2.0.0",
        "async": "^1.5.2",
        "simple-lru-cache": "0.0.2"
      }
    },
    "server-destroy": {
      "version": "1.0.1",
      "resolved": "https://registry.npmjs.org/server-destroy/-/server-destroy-1.0.1.tgz",
      "integrity": "sha1-8Tv5KOQrnD55OD5hzDmYtdFObN0="
    },
    "simple-lru-cache": {
      "version": "0.0.2",
      "resolved": "https://registry.npmjs.org/simple-lru-cache/-/simple-lru-cache-0.0.2.tgz",
      "integrity": "sha1-1ZzDoZPBpdAyD4Tucy9uRxPlEd0="
    },
    "syswide-cas": {
      "version": "5.3.0",
      "resolved": "https://registry.npmjs.org/syswide-cas/-/syswide-cas-5.3.0.tgz",
      "integrity": "sha512-+RLgS6VInsX8rBpL+gy5qpa7phngecbK7NABelBZpqYpBTwOIK1y7CqHlXK5Vy/rA4erD9q/FyKzMjx2uX3zYg=="
    },
    "universalify": {
      "version": "0.1.2",
      "resolved": "https://registry.npmjs.org/universalify/-/universalify-0.1.2.tgz",
      "integrity": "sha512-rBJeI5CXAlmy1pV+617WB9J63U6XcazHHF2f2dbJix4XzpUF0RS3Zbj0FGIOCAva5P/d/GBOYaACQ1w+0azUkg=="
    }
  }
}
